
Microsoft Visual Studio Solution File, Format Version 12.00
# Visual Studio 15
VisualStudioVersion = 15.0.28307.705
MinimumVisualStudioVersion = 10.0.40219.1
Project("{FAE04EC0-301F-11D3-BF4B-00C04F79EFBC}") = "View", "View\View.csproj", "{FBD1FDF9-B955-4FBD-A2EB-3D9DA7C2630A}"
EndProject
Project("{FAE04EC0-301F-11D3-BF4B-00C04F79EFBC}") = "Model", "Model\Model.csproj", "{4D9B3475-5E3F-4E81-98DC-DF8C160DAD43}"
EndProject
Project("{FAE04EC0-301F-11D3-BF4B-00C04F79EFBC}") = "Repository", "Repository\Repository.csproj", "{9DA1D513-E0EF-4AD8-8796-75445145F305}"
EndProject
Global
	GlobalSection(SolutionConfigurationPlatforms) = preSolution
		Debug|Any CPU = Debug|Any CPU
		Release|Any CPU = Release|Any CPU
	EndGlobalSection
	GlobalSection(ProjectConfigurationPlatforms) = postSolution
		{FBD1FDF9-B955-4FBD-A2EB-3D9DA7C2630A}.Debug|Any CPU.ActiveCfg = Debug|Any CPU
		{FBD1FDF9-B955-4FBD-A2EB-3D9DA7C2630A}.Debug|Any CPU.Build.0 = Debug|Any CPU
		{FBD1FDF9-B955-4FBD-A2EB-3D9DA7C2630A}.Release|Any CPU.ActiveCfg = Release|Any CPU
		{FBD1FDF9-B955-4FBD-A2EB-3D9DA7C2630A}.Release|Any CPU.Build.0 = Release|Any CPU
		{4D9B3475-5E3F-4E81-98DC-DF8C160DAD43}.Debug|Any CPU.ActiveCfg = Debug|Any CPU
		{4D9B3475-5E3F-4E81-98DC-DF8C160DAD43}.Debug|Any CPU.Build.0 = Debug|Any CPU
		{4D9B3475-5E3F-4E81-98DC-DF8C160DAD43}.Release|Any CPU.ActiveCfg = Release|Any CPU
		{4D9B3475-5E3F-4E81-98DC-DF8C160DAD43}.Release|Any CPU.Build.0 = Release|Any CPU
		{9DA1D513-E0EF-4AD8-8796-75445145F305}.Debug|Any CPU.ActiveCfg = Debug|Any CPU
		{9DA1D513-E0EF-4AD8-8796-75445145F305}.Debug|Any CPU.Build.0 = Debug|Any CPU
		{9DA1D513-E0EF-4AD8-8796-75445145F305}.Release|Any CPU.ActiveCfg = Release|Any CPU
		{9DA1D513-E0EF-4AD8-8796-75445145F305}.Release|Any CPU.Build.0 = Release|Any CPU
	EndGlobalSection
	GlobalSection(SolutionProperties) = preSolution
		HideSolutionNode = FALSE
	EndGlobalSection
	GlobalSection(ExtensibilityGlobals) = postSolution
		SolutionGuid = {D061002F-212C-424A-8453-E8E52FE07B85}
	EndGlobalSection
EndGlobal
